
Microsoft Visual Studio Solution File, Format Version 12.00
# Visual Studio Version 18
VisualStudioVersion = 18.2.11415.280
MinimumVisualStudioVersion = 10.0.40219.1
Project("{FAE04EC0-301F-11D3-BF4B-00C04F79EFBC}") = "TCSA.V2026", "TCSA.V2026\TCSA.V2026.csproj", "{CCBDF791-D024-42EF-B277-DD8362832EA8}"
EndProject
Project("{FAE04EC0-301F-11D3-BF4B-00C04F79EFBC}") = "TCSA.V2026.UnitTests", "TCSA.V2026.UnitTests\TCSA.V2026.UnitTests.csproj", "{5369024E-AC90-4B46-B8E0-E3363913B04A}"
EndProject
Project("{FAE04EC0-301F-11D3-BF4B-00C04F79EFBC}") = "TCSA.V2026.IntegrationTests", "TCSA.2026.IntegrationTests\TCSA.V2026.IntegrationTests.csproj", "{6511BBE2-CC16-41BD-B405-827C14DF2E45}"
EndProject
Project("{FAE04EC0-301F-11D3-BF4B-00C04F79EFBC}") = "TCSA.V2026.EndToEndTests", "TCSA.V2026.EndToEndTests\TCSA.V2026.EndToEndTests.csproj", "{8E00C84E-49F7-4C37-A09F-FEAE43D3BE1E}"
EndProject
Global
	GlobalSection(SolutionConfigurationPlatforms) = preSolution
		Debug|Any CPU = Debug|Any CPU
		Release|Any CPU = Release|Any CPU
	EndGlobalSection
	GlobalSection(ProjectConfigurationPlatforms) = postSolution
		{CCBDF791-D024-42EF-B277-DD8362832EA8}.Debug|Any CPU.ActiveCfg = Debug|Any CPU
		{CCBDF791-D024-42EF-B277-DD8362832EA8}.Debug|Any CPU.Build.0 = Debug|Any CPU
		{CCBDF791-D024-42EF-B277-DD8362832EA8}.Release|Any CPU.ActiveCfg = Release|Any CPU
		{CCBDF791-D024-42EF-B277-DD8362832EA8}.Release|Any CPU.Build.0 = Release|Any CPU
		{5369024E-AC90-4B46-B8E0-E3363913B04A}.Debug|Any CPU.ActiveCfg = Debug|Any CPU
		{5369024E-AC90-4B46-B8E0-E3363913B04A}.Debug|Any CPU.Build.0 = Debug|Any CPU
		{5369024E-AC90-4B46-B8E0-E3363913B04A}.Release|Any CPU.ActiveCfg = Release|Any CPU
		{5369024E-AC90-4B46-B8E0-E3363913B04A}.Release|Any CPU.Build.0 = Release|Any CPU
		{6511BBE2-CC16-41BD-B405-827C14DF2E45}.Debug|Any CPU.ActiveCfg = Debug|Any CPU
		{6511BBE2-CC16-41BD-B405-827C14DF2E45}.Debug|Any CPU.Build.0 = Debug|Any CPU
		{6511BBE2-CC16-41BD-B405-827C14DF2E45}.Release|Any CPU.ActiveCfg = Release|Any CPU
		{6511BBE2-CC16-41BD-B405-827C14DF2E45}.Release|Any CPU.Build.0 = Release|Any CPU
		{8E00C84E-49F7-4C37-A09F-FEAE43D3BE1E}.Debug|Any CPU.ActiveCfg = Debug|Any CPU
		{8E00C84E-49F7-4C37-A09F-FEAE43D3BE1E}.Debug|Any CPU.Build.0 = Debug|Any CPU
		{8E00C84E-49F7-4C37-A09F-FEAE43D3BE1E}.Release|Any CPU.ActiveCfg = Release|Any CPU
		{8E00C84E-49F7-4C37-A09F-FEAE43D3BE1E}.Release|Any CPU.Build.0 = Release|Any CPU
	EndGlobalSection
	GlobalSection(SolutionProperties) = preSolution
		HideSolutionNode = FALSE
	EndGlobalSection
	GlobalSection(ExtensibilityGlobals) = postSolution
		SolutionGuid = {86009FFA-FE1D-46FD-BA14-E807A4BFE46A}
	EndGlobalSection
EndGlobal
